{
  "lockfile_version": "1",
  "packages": {
    "ffmpeg": {
      "resolved": "github:NixOS/nixpkgs/af84f9d270d404c17699522fab95bbf928a2d92f?narHash=sha256-pJjWUzNnjbIAMIc5gRFUuKCDQ9S1cuh3b2hKgA7Mc4A%3D#ffmpeg",
      "source": "nixpkg",
      "systems": {
        "x86_64-linux": {
          "outputs": [
            {
              "name": "bin",
              "path": "/nix/store/7nfpzp8f2jadvw8ph7qfjjn7f79lgn8w-ffmpeg-8.0-bin",
              "default": true
            },
            {
              "name": "man",
              "path": "/nix/store/ac8d8qc9p6qgy7mlk4y4dqlz105p6aki-ffmpeg-8.0-man",
              "default": true
            }
          ]
        }
      }
    },
    "github:NixOS/nixpkgs/nixpkgs-unstable": {
      "last_modified": "2025-12-27T12:56:01Z",
      "resolved": "github:NixOS/nixpkgs/3edc4a30ed3903fdf6f90c837f961fa6b49582d1?lastModified=1766840161&narHash=sha256-Ss%2FLHpJJsng8vz1Pe33RSGIWUOcqM1fjrehjUkdrWio%3D"
    },
    "python311": {
      "plugin_version": "0.0.4",
      "resolved": "github:NixOS/nixpkgs/af84f9d270d404c17699522fab95bbf928a2d92f?narHash=sha256-pJjWUzNnjbIAMIc5gRFUuKCDQ9S1cuh3b2hKgA7Mc4A%3D#python311",
      "source": "nixpkg",
      "systems": {
        "x86_64-linux": {
          "outputs": [
            {
              "path": "/nix/store/00x3abm7y8j13i6n4sahvbar99irkc7d-python3-3.11.14",
              "default": true
            }
          ]
        }
      }
    },
    "python311Packages.pip": {
      "resolved": "github:NixOS/nixpkgs/af84f9d270d404c17699522fab95bbf928a2d92f?narHash=sha256-pJjWUzNnjbIAMIc5gRFUuKCDQ9S1cuh3b2hKgA7Mc4A%3D#python311Packages.pip",
      "source": "nixpkg",
      "systems": {
        "x86_64-linux": {
          "outputs": [
            {
              "name": "man",
              "path": "/nix/store/4v14blqk2jqdssq8q5wqrdam9iyhk1ww-python3.11-pip-25.0.1-man",
              "default": true
            },
            {
              "path": "/nix/store/jf2vl1vvgxh6zzq0biryfb3zn9xxgjxa-python3.11-pip-25.0.1",
              "default": true
            }
          ]
        }
      }
    }
  }
}
